
Microsoft Visual Studio Solution File, Format Version 12.00
# Visual Studio 15
VisualStudioVersion = 15.0.26730.12
MinimumVisualStudioVersion = 10.0.40219.1
Project("{FAE04EC0-301F-11D3-BF4B-00C04F79EFBC}") = "WpfWindowsApiExample", "WpfWindowsApiExample\WpfWindowsApiExample.csproj", "{53518828-4C6D-4D70-A25B-C40306B95BAB}"
EndProject
Global
	GlobalSection(SolutionConfigurationPlatforms) = preSolution
		Debug|Any CPU = Debug|Any CPU
		Release|Any CPU = Release|Any CPU
	EndGlobalSection
	GlobalSection(ProjectConfigurationPlatforms) = postSolution
		{53518828-4C6D-4D70-A25B-C40306B95BAB}.Debug|Any CPU.ActiveCfg = Debug|Any CPU
		{53518828-4C6D-4D70-A25B-C40306B95BAB}.Debug|Any CPU.Build.0 = Debug|Any CPU
		{53518828-4C6D-4D70-A25B-C40306B95BAB}.Release|Any CPU.ActiveCfg = Release|Any CPU
		{53518828-4C6D-4D70-A25B-C40306B95BAB}.Release|Any CPU.Build.0 = Release|Any CPU
	EndGlobalSection
	GlobalSection(SolutionProperties) = preSolution
		HideSolutionNode = FALSE
	EndGlobalSection
	GlobalSection(ExtensibilityGlobals) = postSolution
		SolutionGuid = {DF515B8F-0743-4AB9-922D-63CAC50E48C8}
	EndGlobalSection
EndGlobal
